{
  "name": "dynamicnft",
  "version": "1.0.0",
  "lockfileVersion": 3,
  "requires": true,
  "packages": {
    "": {
      "name": "dynamicnft",
      "version": "1.0.0",
      "license": "ISC",
      "dependencies": {
        "@openzeppelin/contracts": "^4.9.0",
        "revise-sdk": "^0.2.0"
      }
    },
    "node_modules/@openzeppelin/contracts": {
      "version": "4.9.0",
      "resolved": "https://registry.npmjs.org/@openzeppelin/contracts/-/contracts-4.9.0.tgz",
      "integrity": "sha512-DUP74AFGKlic2sQb/CmgrN2aUPMFGxRrmCTUxLHsiU2RzwWqVuMPZBxiAyvlff6Pea77uylAX6B5x9W6evEbhA=="
    },
    "node_modules/axios": {
      "version": "0.26.1",
      "resolved": "https://registry.npmjs.org/axios/-/axios-0.26.1.tgz",
      "integrity": "sha512-fPwcX4EvnSHuInCMItEhAGnaSEXRBjtzh9fOtsE6E1G6p7vl7edEeZe11QHf18+6+9gR5PbKV/sGKNaD8YaMeA==",
      "dependencies": {
        "follow-redirects": "^1.14.8"
      }
    },
    "node_modules/follow-redirects": {
      "version": "1.15.2",
      "resolved": "https://registry.npmjs.org/follow-redirects/-/follow-redirects-1.15.2.tgz",
      "integrity": "sha512-VQLG33o04KaQ8uYi2tVNbdrWp1QWxNNea+nmIB4EVM28v0hmP17z7aG1+wAkNzVq4KeXTq3221ye5qTJP91JwA==",
      "funding": [
        {
          "type": "individual",
          "url": "https://github.com/sponsors/RubenVerborgh"
        }
      ],
      "engines": {
        "node": ">=4.0"
      },
      "peerDependenciesMeta": {
        "debug": {
          "optional": true
        }
      }
    },
    "node_modules/revise-sdk": {
      "version": "0.2.0",
      "resolved": "https://registry.npmjs.org/revise-sdk/-/revise-sdk-0.2.0.tgz",
      "integrity": "sha512-AuxWlhXu0Eqb/dzsInO7hOmVLOgwPMdMmOd2EZvrvq+1VWA30w+veBkjnS7Ly4y2ij1EJaC8scYt9S+Aek/6zA==",
      "dependencies": {
        "axios": "^0.26.1",
        "tslib": "^2.3.1"
      }
    },
    "node_modules/tslib": {
      "version": "2.5.2",
      "resolved": "https://registry.npmjs.org/tslib/-/tslib-2.5.2.tgz",
      "integrity": "sha512-5svOrSA2w3iGFDs1HibEVBGbDrAY82bFQ3HZ3ixB+88nsbsWQoKqDRb5UBYAUPEzbBn6dAp5gRNXglySbx1MlA=="
    }
  }
}
